
Microsoft Visual Studio Solution File, Format Version 12.00
# Visual Studio Version 17
VisualStudioVersion = 17.6.33723.286
MinimumVisualStudioVersion = 10.0.40219.1
Project("{9A19103F-16F7-4668-BE54-9A1E7A4F7556}") = "ServerComp", "ServerComp\ServerComp.csproj", "{C1946A46-1486-452F-A1AD-D0210549E4A9}"
EndProject
Project("{9A19103F-16F7-4668-BE54-9A1E7A4F7556}") = "Client", "Client\Client.csproj", "{1D80C305-51D6-47CD-92EF-3DF4130E2A24}"
EndProject
Project("{9A19103F-16F7-4668-BE54-9A1E7A4F7556}") = "LibraryProduct", "LibraryProduct\LibraryProduct.csproj", "{E46D8EE6-2B31-4CF1-895D-CAF885A35AC7}"
EndProject
Global
	GlobalSection(SolutionConfigurationPlatforms) = preSolution
		Debug|Any CPU = Debug|Any CPU
		Release|Any CPU = Release|Any CPU
	EndGlobalSection
	GlobalSection(ProjectConfigurationPlatforms) = postSolution
		{C1946A46-1486-452F-A1AD-D0210549E4A9}.Debug|Any CPU.ActiveCfg = Debug|Any CPU
		{C1946A46-1486-452F-A1AD-D0210549E4A9}.Debug|Any CPU.Build.0 = Debug|Any CPU
		{C1946A46-1486-452F-A1AD-D0210549E4A9}.Release|Any CPU.ActiveCfg = Release|Any CPU
		{C1946A46-1486-452F-A1AD-D0210549E4A9}.Release|Any CPU.Build.0 = Release|Any CPU
		{1D80C305-51D6-47CD-92EF-3DF4130E2A24}.Debug|Any CPU.ActiveCfg = Debug|Any CPU
		{1D80C305-51D6-47CD-92EF-3DF4130E2A24}.Debug|Any CPU.Build.0 = Debug|Any CPU
		{1D80C305-51D6-47CD-92EF-3DF4130E2A24}.Release|Any CPU.ActiveCfg = Release|Any CPU
		{1D80C305-51D6-47CD-92EF-3DF4130E2A24}.Release|Any CPU.Build.0 = Release|Any CPU
		{E46D8EE6-2B31-4CF1-895D-CAF885A35AC7}.Debug|Any CPU.ActiveCfg = Debug|Any CPU
		{E46D8EE6-2B31-4CF1-895D-CAF885A35AC7}.Debug|Any CPU.Build.0 = Debug|Any CPU
		{E46D8EE6-2B31-4CF1-895D-CAF885A35AC7}.Release|Any CPU.ActiveCfg = Release|Any CPU
		{E46D8EE6-2B31-4CF1-895D-CAF885A35AC7}.Release|Any CPU.Build.0 = Release|Any CPU
	EndGlobalSection
	GlobalSection(SolutionProperties) = preSolution
		HideSolutionNode = FALSE
	EndGlobalSection
	GlobalSection(ExtensibilityGlobals) = postSolution
		SolutionGuid = {BCE5E0BA-CEA5-4C47-9ACF-6022063A4D91}
	EndGlobalSection
EndGlobal
